{
  "name": "daheim",
  "version": "0.0.0",
  "dependencies": {
    "grunt": {
      "version": "^0.4.5",
      "dependencies": {
        "glob": {
          "version": "5.0.14"
        }
      }
    },
    "grunt-jscs": {
      "version": "^2.1.0",
      "dependencies": {
        "jscs": {
          "version": "2.4.0"
        }
      }
    }
  }
}
